{
  "object": {
    "pins": [
      {
        "package": "Siesta",
        "repositoryURL": "https://github.com/bustoutsolutions/siesta",
        "state": {
          "branch": null,
          "revision": "85eb17fbcbb32ecd23381d2dee2d15ae311f6ec1",
          "version": "1.4.3"
        }
      }
    ]
  },
  "version": 1
}
